{
    "_readme": [
        "This file locks the dependencies of your project to a known state",
        "Read more about it at https://getcomposer.org/doc/01-basic-usage.md#installing-dependencies",
        "This file is @generated automatically"
    ],
    "content-hash": "658361d85db7de818f4158a5a6329b0d",
    "packages": [
        {
            "name": "libpurecontent/purecontent",
            "version": "v1.13.3",
            "source": {
                "type": "git",
                "url": "https://github.com/libpurecontent/purecontent.git",
                "reference": "22372e015ddd7d2120ef48016816a8edd577aa76"
            },
            "dist": {
                "type": "zip",
                "url": "https://api.github.com/repos/libpurecontent/purecontent/zipball/22372e015ddd7d2120ef48016816a8edd577aa76",
                "reference": "22372e015ddd7d2120ef48016816a8edd577aa76",
                "shasum": ""
            },
            "type": "library",
            "autoload": {
                "psr-0": {
                    "pureContent": "src/"
                }
            },
            "notification-url": "https://packagist.org/downloads/",
            "license": [
                "GPL-3.0-only"
            ],
            "authors": [
                {
                    "name": "mvl22"
                }
            ],
            "description": "PHP library pureContent within the pureContent library suite",
            "support": {
                "issues": "https://github.com/libpurecontent/purecontent/issues",
                "source": "https://github.com/libpurecontent/purecontent/tree/v1.13.3"
            },
            "time": "2024-09-23T12:19:48+00:00"
        }
    ],
    "packages-dev": [],
    "aliases": [],
    "minimum-stability": "stable",
    "stability-flags": [],
    "prefer-stable": false,
    "prefer-lowest": false,
    "platform": [],
    "platform-dev": [],
    "plugin-api-version": "2.3.0"
}
