{
    "_readme": [
        "This file locks the dependencies of your project to a known state",
        "Read more about it at https://getcomposer.org/doc/01-basic-usage.md#installing-dependencies",
        "This file is @generated automatically"
    ],
    "content-hash": "a7c8b28fb4217f4410ab1e6ecb27b27d",
    "packages": [
        {
            "name": "libpurecontent/purecontent",
            "version": "v1.14.1",
            "source": {
                "type": "git",
                "url": "https://github.com/libpurecontent/purecontent.git",
                "reference": "44a906bf92c4a2c5cee826e867b3e1e60cf9ac43"
            },
            "dist": {
                "type": "zip",
                "url": "https://api.github.com/repos/libpurecontent/purecontent/zipball/44a906bf92c4a2c5cee826e867b3e1e60cf9ac43",
                "reference": "44a906bf92c4a2c5cee826e867b3e1e60cf9ac43",
                "shasum": ""
            },
            "type": "library",
            "autoload": {
                "psr-0": {
                    "pureContent": "src/"
                }
            },
            "notification-url": "https://packagist.org/downloads/",
            "license": [
                "GPL-3.0-only"
            ],
            "authors": [
                {
                    "name": "mvl22"
                }
            ],
            "description": "PHP library pureContent within the pureContent library suite",
            "support": {
                "issues": "https://github.com/libpurecontent/purecontent/issues",
                "source": "https://github.com/libpurecontent/purecontent/tree/v1.14.1"
            },
            "time": "2026-04-13T17:45:01+00:00"
        }
    ],
    "packages-dev": [],
    "aliases": [],
    "minimum-stability": "stable",
    "stability-flags": {},
    "prefer-stable": false,
    "prefer-lowest": false,
    "platform": {},
    "platform-dev": {},
    "plugin-api-version": "2.6.0"
}
